
Microsoft Visual Studio Solution File, Format Version 12.00
# Visual Studio Version 17
VisualStudioVersion = 17.4.32916.344
MinimumVisualStudioVersion = 10.0.40219.1
Project("{FAE04EC0-301F-11D3-BF4B-00C04F79EFBC}") = "NLox.Console", "NLox.Console\NLox.Console.csproj", "{0964423D-F967-4482-B56D-BC89602CAF7B}"
EndProject
Global
	GlobalSection(SolutionConfigurationPlatforms) = preSolution
		Debug|Any CPU = Debug|Any CPU
		Release|Any CPU = Release|Any CPU
	EndGlobalSection
	GlobalSection(ProjectConfigurationPlatforms) = postSolution
		{0964423D-F967-4482-B56D-BC89602CAF7B}.Debug|Any CPU.ActiveCfg = Debug|Any CPU
		{0964423D-F967-4482-B56D-BC89602CAF7B}.Debug|Any CPU.Build.0 = Debug|Any CPU
		{0964423D-F967-4482-B56D-BC89602CAF7B}.Release|Any CPU.ActiveCfg = Release|Any CPU
		{0964423D-F967-4482-B56D-BC89602CAF7B}.Release|Any CPU.Build.0 = Release|Any CPU
	EndGlobalSection
	GlobalSection(SolutionProperties) = preSolution
		HideSolutionNode = FALSE
	EndGlobalSection
	GlobalSection(ExtensibilityGlobals) = postSolution
		SolutionGuid = {F8B321CF-953D-494D-9906-6D85C32E7206}
	EndGlobalSection
EndGlobal
